
Microsoft Visual Studio Solution File, Format Version 12.00
# Visual Studio Version 17
VisualStudioVersion = 17.3.32804.467
MinimumVisualStudioVersion = 10.0.40219.1
Project("{FAE04EC0-301F-11D3-BF4B-00C04F79EFBC}") = "SearchingandSorting", "SearchingandSorting\SearchingandSorting.csproj", "{1C0C5C65-7A48-49AF-A67B-BCF61DF30E78}"
EndProject
Global
	GlobalSection(SolutionConfigurationPlatforms) = preSolution
		Debug|Any CPU = Debug|Any CPU
		Release|Any CPU = Release|Any CPU
	EndGlobalSection
	GlobalSection(ProjectConfigurationPlatforms) = postSolution
		{1C0C5C65-7A48-49AF-A67B-BCF61DF30E78}.Debug|Any CPU.ActiveCfg = Debug|Any CPU
		{1C0C5C65-7A48-49AF-A67B-BCF61DF30E78}.Debug|Any CPU.Build.0 = Debug|Any CPU
		{1C0C5C65-7A48-49AF-A67B-BCF61DF30E78}.Release|Any CPU.ActiveCfg = Release|Any CPU
		{1C0C5C65-7A48-49AF-A67B-BCF61DF30E78}.Release|Any CPU.Build.0 = Release|Any CPU
	EndGlobalSection
	GlobalSection(SolutionProperties) = preSolution
		HideSolutionNode = FALSE
	EndGlobalSection
	GlobalSection(ExtensibilityGlobals) = postSolution
		SolutionGuid = {D456D82B-54BF-45E7-8429-C10B8A6669E1}
	EndGlobalSection
EndGlobal
